{
  "name": "stats-emarque-basketball-extractor",
  "version": "0.0.1",
  "lockfileVersion": 1,
  "requires": true,
  "dependencies": {
    "pdf.js-extract": {
      "version": "0.1.3",
      "resolved": "https://registry.npmjs.org/pdf.js-extract/-/pdf.js-extract-0.1.3.tgz",
      "integrity": "sha512-MHbTYjwEbqGAF249AJO3UwfgFgWzTInZCIOk2LctTc2d4nzEEPDNs+2xu5Xa7RTYXCBrTc/CZ+WJ4fFS90WPZQ=="
    }
  }
}
